Microsoft Visual Studio Solution File, Format Version 11.00
# Visual Studio 2008

Project("{02746291-431F-2072-E2C4-6B9164A310B5}") = "Tool Editor", "Assembly-CSharp-vs.csproj", "{9F4CC893-A44C-7557-1257-3BBD51B4A7EC}"
EndProject
Project("{02746291-431F-2072-E2C4-6B9164A310B5}") = "Tool Editor", "Assembly-CSharp-Editor-vs.csproj", "{93527CF5-9473-6055-04C4-A3E191329B12}"
EndProject
Global
	GlobalSection(SolutionConfigurationPlatforms) = preSolution
		Debug|Any CPU = Debug|Any CPU
		Release|Any CPU = Release|Any CPU
	EndGlobalSection
	GlobalSection(ProjectConfigurationPlatforms) = postSolution
		{9F4CC893-A44C-7557-1257-3BBD51B4A7EC}.Debug|Any CPU.ActiveCfg = Debug|Any CPU
		{9F4CC893-A44C-7557-1257-3BBD51B4A7EC}.Debug|Any CPU.Build.0 = Debug|Any CPU
		{9F4CC893-A44C-7557-1257-3BBD51B4A7EC}.Release|Any CPU.ActiveCfg = Release|Any CPU
		{9F4CC893-A44C-7557-1257-3BBD51B4A7EC}.Release|Any CPU.Build.0 = Release|Any CPU
		{93527CF5-9473-6055-04C4-A3E191329B12}.Debug|Any CPU.ActiveCfg = Debug|Any CPU
		{93527CF5-9473-6055-04C4-A3E191329B12}.Debug|Any CPU.Build.0 = Debug|Any CPU
		{93527CF5-9473-6055-04C4-A3E191329B12}.Release|Any CPU.ActiveCfg = Release|Any CPU
		{93527CF5-9473-6055-04C4-A3E191329B12}.Release|Any CPU.Build.0 = Release|Any CPU
	EndGlobalSection
	GlobalSection(SolutionProperties) = preSolution
		HideSolutionNode = FALSE
	EndGlobalSection
			GlobalSection(MonoDevelopProperties) = preSolution
		StartupItem = Assembly-CSharp.csproj
		Policies = $0
		$0.TextStylePolicy = $1
		$1.inheritsSet = null
		$1.scope = text/x-csharp
		$0.CSharpFormattingPolicy = $2
		$2.inheritsSet = Mono
		$2.inheritsScope = text/x-csharp
		$2.scope = text/x-csharp
		$0.TextStylePolicy = $3
		$3.FileWidth = 120
		$3.TabWidth = 4
		$3.IndentWidth = 4
		$3.EolMarker = Unix
		$3.inheritsSet = Mono
		$3.inheritsScope = text/plain
		$3.scope = text/plain
	EndGlobalSection

EndGlobal
